{
  "name": "ceten_tv",
  "lockfileVersion": 3,
  "requires": true,
  "packages": {
    "": {
      "dependencies": {
        "@trpc/client": "^10.11.0",
        "@trpc/server": "^10.11.0",
        "trpc-sveltekit": "^3.2.9"
      }
    },
    "node_modules/@trpc/client": {
      "version": "10.11.0",
      "resolved": "https://registry.npmjs.org/@trpc/client/-/client-10.11.0.tgz",
      "integrity": "sha512-GdSfyJxYI3Z9zyz2fEdJBGWLzqrpaonRtG1BtYLR5/63/eaW3/weA3JcEl2H3/CvqSNZfptNMZqLmaZyChTxdg==",
      "peerDependencies": {
        "@trpc/server": "10.11.0"
      }
    },
    "node_modules/@trpc/server": {
      "version": "10.11.0",
      "resolved": "https://registry.npmjs.org/@trpc/server/-/server-10.11.0.tgz",
      "integrity": "sha512-alV96Bjpa3bPgF+LZkJeQtrUJP/BM5EVpsB8S755RA3xtbudMw/lvLJFep8L/xTRw1HFZ7r4uRD31dKLOrMpaA=="
    },
    "node_modules/trpc-sveltekit": {
      "version": "3.2.9",
      "resolved": "https://registry.npmjs.org/trpc-sveltekit/-/trpc-sveltekit-3.2.9.tgz",
      "integrity": "sha512-MJO5Rw8bjIVqzPxZ+NTWrfrfP3Hx0v0melEp5Qteu/X8L+c2Jlx9dU4uOQzKZrPTjXjCaO9QpU2uhEnomq0pyg==",
      "dependencies": {
        "@trpc/client": "^10.9.1",
        "@trpc/server": "^10.9.1"
      }
    }
  }
}
